
Microsoft Visual Studio Solution File, Format Version 12.00
# Visual Studio Version 17
VisualStudioVersion = 17.4.33213.308
MinimumVisualStudioVersion = 10.0.40219.1
Project("{FAE04EC0-301F-11D3-BF4B-00C04F79EFBC}") = "CodeRetreat1", "CodeRetreat1\CodeRetreat1.csproj", "{1970DA7E-1757-4677-A278-81B5FA3FE5F1}"
EndProject
Global
	GlobalSection(SolutionConfigurationPlatforms) = preSolution
		Debug|Any CPU = Debug|Any CPU
		Release|Any CPU = Release|Any CPU
	EndGlobalSection
	GlobalSection(ProjectConfigurationPlatforms) = postSolution
		{1970DA7E-1757-4677-A278-81B5FA3FE5F1}.Debug|Any CPU.ActiveCfg = Debug|Any CPU
		{1970DA7E-1757-4677-A278-81B5FA3FE5F1}.Debug|Any CPU.Build.0 = Debug|Any CPU
		{1970DA7E-1757-4677-A278-81B5FA3FE5F1}.Release|Any CPU.ActiveCfg = Release|Any CPU
		{1970DA7E-1757-4677-A278-81B5FA3FE5F1}.Release|Any CPU.Build.0 = Release|Any CPU
	EndGlobalSection
	GlobalSection(SolutionProperties) = preSolution
		HideSolutionNode = FALSE
	EndGlobalSection
	GlobalSection(ExtensibilityGlobals) = postSolution
		SolutionGuid = {54B1E270-19C1-485C-A809-C3E7A3D99B32}
	EndGlobalSection
EndGlobal
